
Microsoft Visual Studio Solution File, Format Version 12.00
# Visual Studio Version 16
VisualStudioVersion = 16.0.30611.23
MinimumVisualStudioVersion = 10.0.40219.1
Project("{FAE04EC0-301F-11D3-BF4B-00C04F79EFBC}") = "Проект_Игра", "Проект_Игра\Проект_Игра.csproj", "{767589E3-4277-4F1B-A12C-30590DEA2EFA}"
EndProject
Global
	GlobalSection(SolutionConfigurationPlatforms) = preSolution
		Debug|Any CPU = Debug|Any CPU
		Release|Any CPU = Release|Any CPU
	EndGlobalSection
	GlobalSection(ProjectConfigurationPlatforms) = postSolution
		{767589E3-4277-4F1B-A12C-30590DEA2EFA}.Debug|Any CPU.ActiveCfg = Debug|Any CPU
		{767589E3-4277-4F1B-A12C-30590DEA2EFA}.Debug|Any CPU.Build.0 = Debug|Any CPU
		{767589E3-4277-4F1B-A12C-30590DEA2EFA}.Release|Any CPU.ActiveCfg = Release|Any CPU
		{767589E3-4277-4F1B-A12C-30590DEA2EFA}.Release|Any CPU.Build.0 = Release|Any CPU
	EndGlobalSection
	GlobalSection(SolutionProperties) = preSolution
		HideSolutionNode = FALSE
	EndGlobalSection
	GlobalSection(ExtensibilityGlobals) = postSolution
		SolutionGuid = {988E32BC-E92E-47DF-8B88-681378A92C86}
	EndGlobalSection
EndGlobal
